
Microsoft Visual Studio Solution File, Format Version 12.00
# Visual Studio Version 17
VisualStudioVersion = 17.0.31903.59
MinimumVisualStudioVersion = 10.0.40219.1
Project("{FAE04EC0-301F-11D3-BF4B-00C04F79EFBC}") = "Logify.Core", "Logify.Core\Logify.Core.csproj", "{3D8AC321-938C-4AD3-B3E5-823408FF02C2}"
EndProject
Project("{FAE04EC0-301F-11D3-BF4B-00C04F79EFBC}") = "Logify.CLI", "Logify.CLI\Logify.CLI.csproj", "{0B1C5DD9-7E08-4A88-9003-6B4C86632231}"
EndProject
Global
	GlobalSection(SolutionConfigurationPlatforms) = preSolution
		Debug|Any CPU = Debug|Any CPU
		Release|Any CPU = Release|Any CPU
	EndGlobalSection
	GlobalSection(SolutionProperties) = preSolution
		HideSolutionNode = FALSE
	EndGlobalSection
	GlobalSection(ProjectConfigurationPlatforms) = postSolution
		{3D8AC321-938C-4AD3-B3E5-823408FF02C2}.Debug|Any CPU.ActiveCfg = Debug|Any CPU
		{3D8AC321-938C-4AD3-B3E5-823408FF02C2}.Debug|Any CPU.Build.0 = Debug|Any CPU
		{3D8AC321-938C-4AD3-B3E5-823408FF02C2}.Release|Any CPU.ActiveCfg = Release|Any CPU
		{3D8AC321-938C-4AD3-B3E5-823408FF02C2}.Release|Any CPU.Build.0 = Release|Any CPU
		{0B1C5DD9-7E08-4A88-9003-6B4C86632231}.Debug|Any CPU.ActiveCfg = Debug|Any CPU
		{0B1C5DD9-7E08-4A88-9003-6B4C86632231}.Debug|Any CPU.Build.0 = Debug|Any CPU
		{0B1C5DD9-7E08-4A88-9003-6B4C86632231}.Release|Any CPU.ActiveCfg = Release|Any CPU
		{0B1C5DD9-7E08-4A88-9003-6B4C86632231}.Release|Any CPU.Build.0 = Release|Any CPU
	EndGlobalSection
EndGlobal
